
Microsoft Visual Studio Solution File, Format Version 12.00
# Visual Studio 15
VisualStudioVersion = 15.0.28307.168
MinimumVisualStudioVersion = 10.0.40219.1
Project("{FAE04EC0-301F-11D3-BF4B-00C04F79EFBC}") = "KritzelGPU", "KritzelGPU\KritzelGPU.csproj", "{B5065B9D-B683-4505-8B7E-BEA2E615614F}"
EndProject
Project("{FAE04EC0-301F-11D3-BF4B-00C04F79EFBC}") = "PInvokeGL", "PInvokeGL\PInvokeGL.csproj", "{7EF2A02B-C985-447E-A439-7FBAB9D9CAB2}"
EndProject
Project("{FAE04EC0-301F-11D3-BF4B-00C04F79EFBC}") = "PointerInputLibrary", "PointerInputLibrary\PointerInputLibrary.csproj", "{CB70DE98-F535-4C66-B90F-7AD99179F2B1}"
EndProject
Global
	GlobalSection(SolutionConfigurationPlatforms) = preSolution
		Debug|Any CPU = Debug|Any CPU
		Debug|x64 = Debug|x64
		Debug|x86 = Debug|x86
		Release|Any CPU = Release|Any CPU
		Release|x64 = Release|x64
		Release|x86 = Release|x86
	EndGlobalSection
	GlobalSection(ProjectConfigurationPlatforms) = postSolution
		{B5065B9D-B683-4505-8B7E-BEA2E615614F}.Debug|Any CPU.ActiveCfg = Debug|Any CPU
		{B5065B9D-B683-4505-8B7E-BEA2E615614F}.Debug|Any CPU.Build.0 = Debug|Any CPU
		{B5065B9D-B683-4505-8B7E-BEA2E615614F}.Debug|x64.ActiveCfg = Debug|Any CPU
		{B5065B9D-B683-4505-8B7E-BEA2E615614F}.Debug|x64.Build.0 = Debug|Any CPU
		{B5065B9D-B683-4505-8B7E-BEA2E615614F}.Debug|x86.ActiveCfg = Debug|x86
		{B5065B9D-B683-4505-8B7E-BEA2E615614F}.Debug|x86.Build.0 = Debug|x86
		{B5065B9D-B683-4505-8B7E-BEA2E615614F}.Release|Any CPU.ActiveCfg = Release|Any CPU
		{B5065B9D-B683-4505-8B7E-BEA2E615614F}.Release|Any CPU.Build.0 = Release|Any CPU
		{B5065B9D-B683-4505-8B7E-BEA2E615614F}.Release|x64.ActiveCfg = Release|Any CPU
		{B5065B9D-B683-4505-8B7E-BEA2E615614F}.Release|x64.Build.0 = Release|Any CPU
		{B5065B9D-B683-4505-8B7E-BEA2E615614F}.Release|x86.ActiveCfg = Release|x86
		{B5065B9D-B683-4505-8B7E-BEA2E615614F}.Release|x86.Build.0 = Release|x86
		{7EF2A02B-C985-447E-A439-7FBAB9D9CAB2}.Debug|Any CPU.ActiveCfg = Debug|Any CPU
		{7EF2A02B-C985-447E-A439-7FBAB9D9CAB2}.Debug|Any CPU.Build.0 = Debug|Any CPU
		{7EF2A02B-C985-447E-A439-7FBAB9D9CAB2}.Debug|x64.ActiveCfg = Debug|Any CPU
		{7EF2A02B-C985-447E-A439-7FBAB9D9CAB2}.Debug|x64.Build.0 = Debug|Any CPU
		{7EF2A02B-C985-447E-A439-7FBAB9D9CAB2}.Debug|x86.ActiveCfg = Debug|Any CPU
		{7EF2A02B-C985-447E-A439-7FBAB9D9CAB2}.Debug|x86.Build.0 = Debug|Any CPU
		{7EF2A02B-C985-447E-A439-7FBAB9D9CAB2}.Release|Any CPU.ActiveCfg = Release|Any CPU
		{7EF2A02B-C985-447E-A439-7FBAB9D9CAB2}.Release|Any CPU.Build.0 = Release|Any CPU
		{7EF2A02B-C985-447E-A439-7FBAB9D9CAB2}.Release|x64.ActiveCfg = Release|Any CPU
		{7EF2A02B-C985-447E-A439-7FBAB9D9CAB2}.Release|x64.Build.0 = Release|Any CPU
		{7EF2A02B-C985-447E-A439-7FBAB9D9CAB2}.Release|x86.ActiveCfg = Release|Any CPU
		{7EF2A02B-C985-447E-A439-7FBAB9D9CAB2}.Release|x86.Build.0 = Release|Any CPU
		{CB70DE98-F535-4C66-B90F-7AD99179F2B1}.Debug|Any CPU.ActiveCfg = Debug|Any CPU
		{CB70DE98-F535-4C66-B90F-7AD99179F2B1}.Debug|Any CPU.Build.0 = Debug|Any CPU
		{CB70DE98-F535-4C66-B90F-7AD99179F2B1}.Debug|x64.ActiveCfg = Debug|x64
		{CB70DE98-F535-4C66-B90F-7AD99179F2B1}.Debug|x64.Build.0 = Debug|x64
		{CB70DE98-F535-4C66-B90F-7AD99179F2B1}.Debug|x86.ActiveCfg = Debug|x86
		{CB70DE98-F535-4C66-B90F-7AD99179F2B1}.Debug|x86.Build.0 = Debug|x86
		{CB70DE98-F535-4C66-B90F-7AD99179F2B1}.Release|Any CPU.ActiveCfg = Release|Any CPU
		{CB70DE98-F535-4C66-B90F-7AD99179F2B1}.Release|Any CPU.Build.0 = Release|Any CPU
		{CB70DE98-F535-4C66-B90F-7AD99179F2B1}.Release|x64.ActiveCfg = Release|x64
		{CB70DE98-F535-4C66-B90F-7AD99179F2B1}.Release|x64.Build.0 = Release|x64
		{CB70DE98-F535-4C66-B90F-7AD99179F2B1}.Release|x86.ActiveCfg = Release|x86
		{CB70DE98-F535-4C66-B90F-7AD99179F2B1}.Release|x86.Build.0 = Release|x86
	EndGlobalSection
	GlobalSection(SolutionProperties) = preSolution
		HideSolutionNode = FALSE
	EndGlobalSection
	GlobalSection(ExtensibilityGlobals) = postSolution
		SolutionGuid = {1318D86A-F095-4079-9F16-B21716227F6D}
	EndGlobalSection
EndGlobal
