
Microsoft Visual Studio Solution File, Format Version 12.00
# Visual Studio 15
VisualStudioVersion = 15.0.28307.168
MinimumVisualStudioVersion = 10.0.40219.1
Project("{FAE04EC0-301F-11D3-BF4B-00C04F79EFBC}") = "Kritzel", "Kritzel\Kritzel.csproj", "{042FBCB3-6F8F-45FD-B2F8-52643B2AF284}"
EndProject
Project("{FAE04EC0-301F-11D3-BF4B-00C04F79EFBC}") = "GPUTest", "GPUTest\GPUTest.csproj", "{80D0E056-F331-4B64-8E86-46341A0D3054}"
EndProject
Project("{FAE04EC0-301F-11D3-BF4B-00C04F79EFBC}") = "KritzelGPU", "KritzelGPU\KritzelGPU.csproj", "{B5065B9D-B683-4505-8B7E-BEA2E615614F}"
EndProject
Project("{FAE04EC0-301F-11D3-BF4B-00C04F79EFBC}") = "PInvokeGL", "PInvokeGL\PInvokeGL.csproj", "{7EF2A02B-C985-447E-A439-7FBAB9D9CAB2}"
EndProject
Global
	GlobalSection(SolutionConfigurationPlatforms) = preSolution
		Debug|Any CPU = Debug|Any CPU
		Debug|x86 = Debug|x86
		Release|Any CPU = Release|Any CPU
		Release|x86 = Release|x86
	EndGlobalSection
	GlobalSection(ProjectConfigurationPlatforms) = postSolution
		{042FBCB3-6F8F-45FD-B2F8-52643B2AF284}.Debug|Any CPU.ActiveCfg = Debug|Any CPU
		{042FBCB3-6F8F-45FD-B2F8-52643B2AF284}.Debug|Any CPU.Build.0 = Debug|Any CPU
		{042FBCB3-6F8F-45FD-B2F8-52643B2AF284}.Debug|x86.ActiveCfg = Debug|x86
		{042FBCB3-6F8F-45FD-B2F8-52643B2AF284}.Debug|x86.Build.0 = Debug|x86
		{042FBCB3-6F8F-45FD-B2F8-52643B2AF284}.Release|Any CPU.ActiveCfg = Release|Any CPU
		{042FBCB3-6F8F-45FD-B2F8-52643B2AF284}.Release|Any CPU.Build.0 = Release|Any CPU
		{042FBCB3-6F8F-45FD-B2F8-52643B2AF284}.Release|x86.ActiveCfg = Release|x86
		{042FBCB3-6F8F-45FD-B2F8-52643B2AF284}.Release|x86.Build.0 = Release|x86
		{80D0E056-F331-4B64-8E86-46341A0D3054}.Debug|Any CPU.ActiveCfg = Debug|Any CPU
		{80D0E056-F331-4B64-8E86-46341A0D3054}.Debug|Any CPU.Build.0 = Debug|Any CPU
		{80D0E056-F331-4B64-8E86-46341A0D3054}.Debug|x86.ActiveCfg = Debug|x86
		{80D0E056-F331-4B64-8E86-46341A0D3054}.Debug|x86.Build.0 = Debug|x86
		{80D0E056-F331-4B64-8E86-46341A0D3054}.Release|Any CPU.ActiveCfg = Release|Any CPU
		{80D0E056-F331-4B64-8E86-46341A0D3054}.Release|Any CPU.Build.0 = Release|Any CPU
		{80D0E056-F331-4B64-8E86-46341A0D3054}.Release|x86.ActiveCfg = Release|x86
		{80D0E056-F331-4B64-8E86-46341A0D3054}.Release|x86.Build.0 = Release|x86
		{B5065B9D-B683-4505-8B7E-BEA2E615614F}.Debug|Any CPU.ActiveCfg = Debug|Any CPU
		{B5065B9D-B683-4505-8B7E-BEA2E615614F}.Debug|Any CPU.Build.0 = Debug|Any CPU
		{B5065B9D-B683-4505-8B7E-BEA2E615614F}.Debug|x86.ActiveCfg = Debug|x86
		{B5065B9D-B683-4505-8B7E-BEA2E615614F}.Debug|x86.Build.0 = Debug|x86
		{B5065B9D-B683-4505-8B7E-BEA2E615614F}.Release|Any CPU.ActiveCfg = Release|Any CPU
		{B5065B9D-B683-4505-8B7E-BEA2E615614F}.Release|Any CPU.Build.0 = Release|Any CPU
		{B5065B9D-B683-4505-8B7E-BEA2E615614F}.Release|x86.ActiveCfg = Release|x86
		{B5065B9D-B683-4505-8B7E-BEA2E615614F}.Release|x86.Build.0 = Release|x86
		{7EF2A02B-C985-447E-A439-7FBAB9D9CAB2}.Debug|Any CPU.ActiveCfg = Debug|Any CPU
		{7EF2A02B-C985-447E-A439-7FBAB9D9CAB2}.Debug|Any CPU.Build.0 = Debug|Any CPU
		{7EF2A02B-C985-447E-A439-7FBAB9D9CAB2}.Debug|x86.ActiveCfg = Debug|Any CPU
		{7EF2A02B-C985-447E-A439-7FBAB9D9CAB2}.Debug|x86.Build.0 = Debug|Any CPU
		{7EF2A02B-C985-447E-A439-7FBAB9D9CAB2}.Release|Any CPU.ActiveCfg = Release|Any CPU
		{7EF2A02B-C985-447E-A439-7FBAB9D9CAB2}.Release|Any CPU.Build.0 = Release|Any CPU
		{7EF2A02B-C985-447E-A439-7FBAB9D9CAB2}.Release|x86.ActiveCfg = Release|Any CPU
		{7EF2A02B-C985-447E-A439-7FBAB9D9CAB2}.Release|x86.Build.0 = Release|Any CPU
	EndGlobalSection
	GlobalSection(SolutionProperties) = preSolution
		HideSolutionNode = FALSE
	EndGlobalSection
	GlobalSection(ExtensibilityGlobals) = postSolution
		SolutionGuid = {1318D86A-F095-4079-9F16-B21716227F6D}
	EndGlobalSection
EndGlobal
